# This file is autogenerated, do not edit; changes may be undone by the next 'dep ensure'.


[[projects]]
  name = "github.com/getsentry/raven-go"
  packages = ["."]
  revision = "3966f3ab8333308d76b6cc83a29776a266bbdd92"

[[projects]]
  name = "gopkg.in/Clever/kayvee-go.v2"
  packages = [".","logger"]
  revision = "fddc4aae9aa6ca64c372e7d46b2d39cd9c597a68"
  version = "v2.2.1"

[solve-meta]
  analyzer-name = "dep"
  analyzer-version = 1
  inputs-digest = "831f43153a896b1d8937989229d7946a74234923363e93aa0814bf2b2fd42c5e"
  solver-name = "gps-cdcl"
  solver-version = 1
